
Microsoft Visual Studio Solution File, Format Version 12.00
# Visual Studio 15
VisualStudioVersion = 15.0.27004.2002
MinimumVisualStudioVersion = 10.0.40219.1
Project("{FAE04EC0-301F-11D3-BF4B-00C04F79EFBC}") = "PokemonTabletopDatabase", "PokemonTabletopDatabase\PokemonTabletopDatabase.csproj", "{CF743095-09A4-446C-A0AB-A7B31E032AEB}"
EndProject
Global
	GlobalSection(SolutionConfigurationPlatforms) = preSolution
		Debug|Any CPU = Debug|Any CPU
		Release|Any CPU = Release|Any CPU
	EndGlobalSection
	GlobalSection(ProjectConfigurationPlatforms) = postSolution
		{CF743095-09A4-446C-A0AB-A7B31E032AEB}.Debug|Any CPU.ActiveCfg = Debug|Any CPU
		{CF743095-09A4-446C-A0AB-A7B31E032AEB}.Debug|Any CPU.Build.0 = Debug|Any CPU
		{CF743095-09A4-446C-A0AB-A7B31E032AEB}.Release|Any CPU.ActiveCfg = Release|Any CPU
		{CF743095-09A4-446C-A0AB-A7B31E032AEB}.Release|Any CPU.Build.0 = Release|Any CPU
	EndGlobalSection
	GlobalSection(SolutionProperties) = preSolution
		HideSolutionNode = FALSE
	EndGlobalSection
	GlobalSection(ExtensibilityGlobals) = postSolution
		SolutionGuid = {BD3AE4F1-8F7B-4155-995F-2AABF2474DBB}
	EndGlobalSection
EndGlobal
